
Microsoft Visual Studio Solution File, Format Version 12.00
# Visual Studio Version 17
VisualStudioVersion = 17.9.34902.65
MinimumVisualStudioVersion = 10.0.40219.1
Project("{FAE04EC0-301F-11D3-BF4B-00C04F79EFBC}") = "More Conversions with the Cast Operator Method", "More Conversions with the Cast Operator Method\More Conversions with the Cast Operator Method.csproj", "{60AD7F0A-AA8F-414A-8CDC-397F10655B26}"
EndProject
Global
	GlobalSection(SolutionConfigurationPlatforms) = preSolution
		Debug|Any CPU = Debug|Any CPU
		Release|Any CPU = Release|Any CPU
	EndGlobalSection
	GlobalSection(ProjectConfigurationPlatforms) = postSolution
		{60AD7F0A-AA8F-414A-8CDC-397F10655B26}.Debug|Any CPU.ActiveCfg = Debug|Any CPU
		{60AD7F0A-AA8F-414A-8CDC-397F10655B26}.Debug|Any CPU.Build.0 = Debug|Any CPU
		{60AD7F0A-AA8F-414A-8CDC-397F10655B26}.Release|Any CPU.ActiveCfg = Release|Any CPU
		{60AD7F0A-AA8F-414A-8CDC-397F10655B26}.Release|Any CPU.Build.0 = Release|Any CPU
	EndGlobalSection
	GlobalSection(SolutionProperties) = preSolution
		HideSolutionNode = FALSE
	EndGlobalSection
	GlobalSection(ExtensibilityGlobals) = postSolution
		SolutionGuid = {71A7BB1E-8BDF-4F36-B147-4B26E1D1EA59}
	EndGlobalSection
EndGlobal
